{
  "name": "@fatelabs/estelle",
  "version": "0.1.1",
  "lockfileVersion": 3,
  "requires": true,
  "packages": {
    "": {
      "name": "@fatelabs/estelle",
      "version": "0.1.1",
      "license": "UNLICENSED",
      "bin": {
        "estelle": "bin/estelle.js"
      },
      "engines": {
        "node": ">=18"
      }
    }
  }
}
